
Microsoft Visual Studio Solution File, Format Version 12.00
# Visual Studio Version 16
VisualStudioVersion = 16.0.31410.357
MinimumVisualStudioVersion = 10.0.40219.1
Project("{FAE04EC0-301F-11D3-BF4B-00C04F79EFBC}") = "publishapp", "publishapp\publishapp.csproj", "{00B22F21-D425-4F91-93F2-A3C227A4AA75}"
EndProject
Global
	GlobalSection(SolutionConfigurationPlatforms) = preSolution
		Debug|Any CPU = Debug|Any CPU
		Release|Any CPU = Release|Any CPU
	EndGlobalSection
	GlobalSection(ProjectConfigurationPlatforms) = postSolution
		{00B22F21-D425-4F91-93F2-A3C227A4AA75}.Debug|Any CPU.ActiveCfg = Debug|Any CPU
		{00B22F21-D425-4F91-93F2-A3C227A4AA75}.Debug|Any CPU.Build.0 = Debug|Any CPU
		{00B22F21-D425-4F91-93F2-A3C227A4AA75}.Release|Any CPU.ActiveCfg = Release|Any CPU
		{00B22F21-D425-4F91-93F2-A3C227A4AA75}.Release|Any CPU.Build.0 = Release|Any CPU
	EndGlobalSection
	GlobalSection(SolutionProperties) = preSolution
		HideSolutionNode = FALSE
	EndGlobalSection
	GlobalSection(ExtensibilityGlobals) = postSolution
		SolutionGuid = {DFB78EAD-8554-4EE3-93E7-2727400C7488}
	EndGlobalSection
EndGlobal
